{
  "name": "docs",
  "lockfileVersion": 2,
  "requires": true,
  "packages": {
    "": {
      "dependencies": {
        "@codemirror/basic-setup": "^0.20.0",
        "@codemirror/lang-javascript": "^0.20.0",
        "@codemirror/view": "^0.20.6",
        "@types/prismjs": "^1.26.0",
        "storymatic": "file:.."
      }
    },
    "..": {
      "name": "storymatic",
      "version": "2.0.64",
      "license": "GPL-3",
      "dependencies": {
        "fast-glob": "^3.2.11",
        "mocha": "^10.0.0",
        "ohm-js": "^16.3.3",
        "typescript": "^4.6.4",
        "yargs": "^17.4.1"
      },
      "bin": {
        "sm": "bin/sm"
      },
      "devDependencies": {
        "@ohm-js/cli": "^1.1.0",
        "@types/mocha": "^9.1.1",
        "@types/node": "^17.0.29",
        "@types/yargs": "^17.0.10"
      }
    },
    "node_modules/@codemirror/autocomplete": {
      "version": "0.20.2",
      "resolved": "https://registry.npmjs.org/@codemirror/autocomplete/-/autocomplete-0.20.2.tgz",
      "integrity": "sha512-UBElAn5HTx9o0XDGyTm5RBJ9gegc16/Lmd9tjphW6nX0NMmnT0Kcd8k6Fn6ok60WyFQinSHPwOHQbdAXuLLjYA==",
      "dependencies": {
        "@codemirror/language": "^0.20.0",
        "@codemirror/state": "^0.20.0",
        "@codemirror/view": "^0.20.0",
        "@lezer/common": "^0.16.0"
      }
    },
    "node_modules/@codemirror/basic-setup": {
      "version": "0.20.0",
      "resolved": "https://registry.npmjs.org/@codemirror/basic-setup/-/basic-setup-0.20.0.tgz",
      "integrity": "sha512-W/ERKMLErWkrVLyP5I8Yh8PXl4r+WFNkdYVSzkXYPQv2RMPSkWpr2BgggiSJ8AHF/q3GuApncDD8I4BZz65fyg==",
      "dependencies": {
        "@codemirror/autocomplete": "^0.20.0",
        "@codemirror/commands": "^0.20.0",
        "@codemirror/language": "^0.20.0",
        "@codemirror/lint": "^0.20.0",
        "@codemirror/search": "^0.20.0",
        "@codemirror/state": "^0.20.0",
        "@codemirror/view": "^0.20.0"
      }
    },
    "node_modules/@codemirror/commands": {
      "version": "0.20.0",
      "resolved": "https://registry.npmjs.org/@codemirror/commands/-/commands-0.20.0.tgz",
      "integrity": "sha512-v9L5NNVA+A9R6zaFvaTbxs30kc69F6BkOoiEbeFw4m4I0exmDEKBILN6mK+GksJtvTzGBxvhAPlVFTdQW8GB7Q==",
      "dependencies": {
        "@codemirror/language": "^0.20.0",
        "@codemirror/state": "^0.20.0",
        "@codemirror/view": "^0.20.0",
        "@lezer/common": "^0.16.0"
      }
    },
    "node_modules/@codemirror/lang-javascript": {
      "version": "0.20.0",
      "resolved": "https://registry.npmjs.org/@codemirror/lang-javascript/-/lang-javascript-0.20.0.tgz",
      "integrity": "sha512-Wawq5+o1DlWtsqAyaa9NkiSXNT7geFcfdUael0hIQdM7P23gkQaD+xgZcyQP6QvPxVAdnY4VIWHFzFAqBti+WQ==",
      "dependencies": {
        "@codemirror/autocomplete": "^0.20.0",
        "@codemirror/language": "^0.20.0",
        "@codemirror/lint": "^0.20.0",
        "@codemirror/state": "^0.20.0",
        "@codemirror/view": "^0.20.0",
        "@lezer/javascript": "^0.16.0"
      }
    },
    "node_modules/@codemirror/language": {
      "version": "0.20.2",
      "resolved": "https://registry.npmjs.org/@codemirror/language/-/language-0.20.2.tgz",
      "integrity": "sha512-WB3Bnuusw0xhVvhBocieYKwJm04SOk5bPoOEYksVHKHcGHFOaYaw+eZVxR4gIqMMcGzOIUil0FsCmFk8yrhHpw==",
      "dependencies": {
        "@codemirror/state": "^0.20.0",
        "@codemirror/view": "^0.20.0",
        "@lezer/common": "^0.16.0",
        "@lezer/highlight": "^0.16.0",
        "@lezer/lr": "^0.16.0",
        "style-mod": "^4.0.0"
      }
    },
    "node_modules/@codemirror/lint": {
      "version": "0.20.2",
      "resolved": "https://registry.npmjs.org/@codemirror/lint/-/lint-0.20.2.tgz",
      "integrity": "sha512-xEH3wlzoFLEhPEeMVRNoQIhoTCMEtXhVxemGh3FYjLfl/CL3B2Wz+CU7ooP5SKhN1le7JqUNSfiTArFP+IzFuw==",
      "dependencies": {
        "@codemirror/state": "^0.20.0",
        "@codemirror/view": "^0.20.2",
        "crelt": "^1.0.5"
      }
    },
    "node_modules/@codemirror/search": {
      "version": "0.20.1",
      "resolved": "https://registry.npmjs.org/@codemirror/search/-/search-0.20.1.tgz",
      "integrity": "sha512-ROe6gRboQU5E4z6GAkNa2kxhXqsGNbeLEisbvzbOeB7nuDYXUZ70vGIgmqPu0tB+1M3F9yWk6W8k2vrFpJaD4Q==",
      "dependencies": {
        "@codemirror/state": "^0.20.0",
        "@codemirror/view": "^0.20.0",
        "crelt": "^1.0.5"
      }
    },
    "node_modules/@codemirror/state": {
      "version": "0.20.0",
      "resolved": "https://registry.npmjs.org/@codemirror/state/-/state-0.20.0.tgz",
      "integrity": "sha512-R3XrAWCS5Xm9lx+4pDET4EUPEg+8bDfAa5zoOFIhx+VChsfew9Vy33dAjCXS5ES4Q8UecW4WM4UudmUFpZ+86A=="
    },
    "node_modules/@codemirror/view": {
      "version": "0.20.6",
      "resolved": "https://registry.npmjs.org/@codemirror/view/-/view-0.20.6.tgz",
      "integrity": "sha512-k/Enz4HMcST5Waom2r8y8VtiJfgnU5+Y/pNVO45eIhsRH+0LYtAMgJqqqspWVv1apOuMzmlttw6keaPvkloakg==",
      "dependencies": {
        "@codemirror/state": "^0.20.0",
        "style-mod": "^4.0.0",
        "w3c-keyname": "^2.2.4"
      }
    },
    "node_modules/@lezer/common": {
      "version": "0.16.0",
      "resolved": "https://registry.npmjs.org/@lezer/common/-/common-0.16.0.tgz",
      "integrity": "sha512-H6sPCku+asKWYaNjwfQ1Uvcay9UP1Pdzu4qpy8GtRZ0cKT2AAGnj9MQGiRtY18MDntvhYRJxNGv7FNWOSV/e8A=="
    },
    "node_modules/@lezer/highlight": {
      "version": "0.16.0",
      "resolved": "https://registry.npmjs.org/@lezer/highlight/-/highlight-0.16.0.tgz",
      "integrity": "sha512-iE5f4flHlJ1g1clOStvXNLbORJoiW4Kytso6ubfYzHnaNo/eo5SKhxs4wv/rtvwZQeZrK3we8S9SyA7OGOoRKQ==",
      "dependencies": {
        "@lezer/common": "^0.16.0"
      }
    },
    "node_modules/@lezer/javascript": {
      "version": "0.16.0",
      "resolved": "https://registry.npmjs.org/@lezer/javascript/-/javascript-0.16.0.tgz",
      "integrity": "sha512-kDcwX3QMFKVd7VJwlYTeTNtcj3/gXQEDa7cQzXXsFMvTGV/RTDq0r8agTpZu0zBc1RUZkVILusd1Cluz3STRqw==",
      "dependencies": {
        "@lezer/highlight": "^0.16.0",
        "@lezer/lr": "^0.16.0"
      }
    },
    "node_modules/@lezer/lr": {
      "version": "0.16.3",
      "resolved": "https://registry.npmjs.org/@lezer/lr/-/lr-0.16.3.tgz",
      "integrity": "sha512-pau7um4eAw94BEuuShUIeQDTf3k4Wt6oIUOYxMmkZgDHdqtIcxWND4LRxi8nI9KuT4I1bXQv67BCapkxt7Ywqw==",
      "dependencies": {
        "@lezer/common": "^0.16.0"
      }
    },
    "node_modules/@types/prismjs": {
      "version": "1.26.0",
      "resolved": "https://registry.npmjs.org/@types/prismjs/-/prismjs-1.26.0.tgz",
      "integrity": "sha512-ZTaqn/qSqUuAq1YwvOFQfVW1AR/oQJlLSZVustdjwI+GZ8kr0MSHBj0tsXPW1EqHubx50gtBEjbPGsdZwQwCjQ=="
    },
    "node_modules/crelt": {
      "version": "1.0.5",
      "resolved": "https://registry.npmjs.org/crelt/-/crelt-1.0.5.tgz",
      "integrity": "sha512-+BO9wPPi+DWTDcNYhr/W90myha8ptzftZT+LwcmUbbok0rcP/fequmFYCw8NMoH7pkAZQzU78b3kYrlua5a9eA=="
    },
    "node_modules/storymatic": {
      "resolved": "..",
      "link": true
    },
    "node_modules/style-mod": {
      "version": "4.0.0",
      "resolved": "https://registry.npmjs.org/style-mod/-/style-mod-4.0.0.tgz",
      "integrity": "sha512-OPhtyEjyyN9x3nhPsu76f52yUGXiZcgvsrFVtvTkyGRQJ0XK+GPc6ov1z+lRpbeabka+MYEQxOYRnt5nF30aMw=="
    },
    "node_modules/w3c-keyname": {
      "version": "2.2.4",
      "resolved": "https://registry.npmjs.org/w3c-keyname/-/w3c-keyname-2.2.4.tgz",
      "integrity": "sha512-tOhfEwEzFLJzf6d1ZPkYfGj+FWhIpBux9ppoP3rlclw3Z0BZv3N7b7030Z1kYth+6rDuAsXUFr+d0VE6Ed1ikw=="
    }
  },
  "dependencies": {
    "@codemirror/autocomplete": {
      "version": "0.20.2",
      "resolved": "https://registry.npmjs.org/@codemirror/autocomplete/-/autocomplete-0.20.2.tgz",
      "integrity": "sha512-UBElAn5HTx9o0XDGyTm5RBJ9gegc16/Lmd9tjphW6nX0NMmnT0Kcd8k6Fn6ok60WyFQinSHPwOHQbdAXuLLjYA==",
      "requires": {
        "@codemirror/language": "^0.20.0",
        "@codemirror/state": "^0.20.0",
        "@codemirror/view": "^0.20.0",
        "@lezer/common": "^0.16.0"
      }
    },
    "@codemirror/basic-setup": {
      "version": "0.20.0",
      "resolved": "https://registry.npmjs.org/@codemirror/basic-setup/-/basic-setup-0.20.0.tgz",
      "integrity": "sha512-W/ERKMLErWkrVLyP5I8Yh8PXl4r+WFNkdYVSzkXYPQv2RMPSkWpr2BgggiSJ8AHF/q3GuApncDD8I4BZz65fyg==",
      "requires": {
        "@codemirror/autocomplete": "^0.20.0",
        "@codemirror/commands": "^0.20.0",
        "@codemirror/language": "^0.20.0",
        "@codemirror/lint": "^0.20.0",
        "@codemirror/search": "^0.20.0",
        "@codemirror/state": "^0.20.0",
        "@codemirror/view": "^0.20.0"
      }
    },
    "@codemirror/commands": {
      "version": "0.20.0",
      "resolved": "https://registry.npmjs.org/@codemirror/commands/-/commands-0.20.0.tgz",
      "integrity": "sha512-v9L5NNVA+A9R6zaFvaTbxs30kc69F6BkOoiEbeFw4m4I0exmDEKBILN6mK+GksJtvTzGBxvhAPlVFTdQW8GB7Q==",
      "requires": {
        "@codemirror/language": "^0.20.0",
        "@codemirror/state": "^0.20.0",
        "@codemirror/view": "^0.20.0",
        "@lezer/common": "^0.16.0"
      }
    },
    "@codemirror/lang-javascript": {
      "version": "0.20.0",
      "resolved": "https://registry.npmjs.org/@codemirror/lang-javascript/-/lang-javascript-0.20.0.tgz",
      "integrity": "sha512-Wawq5+o1DlWtsqAyaa9NkiSXNT7geFcfdUael0hIQdM7P23gkQaD+xgZcyQP6QvPxVAdnY4VIWHFzFAqBti+WQ==",
      "requires": {
        "@codemirror/autocomplete": "^0.20.0",
        "@codemirror/language": "^0.20.0",
        "@codemirror/lint": "^0.20.0",
        "@codemirror/state": "^0.20.0",
        "@codemirror/view": "^0.20.0",
        "@lezer/javascript": "^0.16.0"
      }
    },
    "@codemirror/language": {
      "version": "0.20.2",
      "resolved": "https://registry.npmjs.org/@codemirror/language/-/language-0.20.2.tgz",
      "integrity": "sha512-WB3Bnuusw0xhVvhBocieYKwJm04SOk5bPoOEYksVHKHcGHFOaYaw+eZVxR4gIqMMcGzOIUil0FsCmFk8yrhHpw==",
      "requires": {
        "@codemirror/state": "^0.20.0",
        "@codemirror/view": "^0.20.0",
        "@lezer/common": "^0.16.0",
        "@lezer/highlight": "^0.16.0",
        "@lezer/lr": "^0.16.0",
        "style-mod": "^4.0.0"
      }
    },
    "@codemirror/lint": {
      "version": "0.20.2",
      "resolved": "https://registry.npmjs.org/@codemirror/lint/-/lint-0.20.2.tgz",
      "integrity": "sha512-xEH3wlzoFLEhPEeMVRNoQIhoTCMEtXhVxemGh3FYjLfl/CL3B2Wz+CU7ooP5SKhN1le7JqUNSfiTArFP+IzFuw==",
      "requires": {
        "@codemirror/state": "^0.20.0",
        "@codemirror/view": "^0.20.2",
        "crelt": "^1.0.5"
      }
    },
    "@codemirror/search": {
      "version": "0.20.1",
      "resolved": "https://registry.npmjs.org/@codemirror/search/-/search-0.20.1.tgz",
      "integrity": "sha512-ROe6gRboQU5E4z6GAkNa2kxhXqsGNbeLEisbvzbOeB7nuDYXUZ70vGIgmqPu0tB+1M3F9yWk6W8k2vrFpJaD4Q==",
      "requires": {
        "@codemirror/state": "^0.20.0",
        "@codemirror/view": "^0.20.0",
        "crelt": "^1.0.5"
      }
    },
    "@codemirror/state": {
      "version": "0.20.0",
      "resolved": "https://registry.npmjs.org/@codemirror/state/-/state-0.20.0.tgz",
      "integrity": "sha512-R3XrAWCS5Xm9lx+4pDET4EUPEg+8bDfAa5zoOFIhx+VChsfew9Vy33dAjCXS5ES4Q8UecW4WM4UudmUFpZ+86A=="
    },
    "@codemirror/view": {
      "version": "0.20.6",
      "resolved": "https://registry.npmjs.org/@codemirror/view/-/view-0.20.6.tgz",
      "integrity": "sha512-k/Enz4HMcST5Waom2r8y8VtiJfgnU5+Y/pNVO45eIhsRH+0LYtAMgJqqqspWVv1apOuMzmlttw6keaPvkloakg==",
      "requires": {
        "@codemirror/state": "^0.20.0",
        "style-mod": "^4.0.0",
        "w3c-keyname": "^2.2.4"
      }
    },
    "@lezer/common": {
      "version": "0.16.0",
      "resolved": "https://registry.npmjs.org/@lezer/common/-/common-0.16.0.tgz",
      "integrity": "sha512-H6sPCku+asKWYaNjwfQ1Uvcay9UP1Pdzu4qpy8GtRZ0cKT2AAGnj9MQGiRtY18MDntvhYRJxNGv7FNWOSV/e8A=="
    },
    "@lezer/highlight": {
      "version": "0.16.0",
      "resolved": "https://registry.npmjs.org/@lezer/highlight/-/highlight-0.16.0.tgz",
      "integrity": "sha512-iE5f4flHlJ1g1clOStvXNLbORJoiW4Kytso6ubfYzHnaNo/eo5SKhxs4wv/rtvwZQeZrK3we8S9SyA7OGOoRKQ==",
      "requires": {
        "@lezer/common": "^0.16.0"
      }
    },
    "@lezer/javascript": {
      "version": "0.16.0",
      "resolved": "https://registry.npmjs.org/@lezer/javascript/-/javascript-0.16.0.tgz",
      "integrity": "sha512-kDcwX3QMFKVd7VJwlYTeTNtcj3/gXQEDa7cQzXXsFMvTGV/RTDq0r8agTpZu0zBc1RUZkVILusd1Cluz3STRqw==",
      "requires": {
        "@lezer/highlight": "^0.16.0",
        "@lezer/lr": "^0.16.0"
      }
    },
    "@lezer/lr": {
      "version": "0.16.3",
      "resolved": "https://registry.npmjs.org/@lezer/lr/-/lr-0.16.3.tgz",
      "integrity": "sha512-pau7um4eAw94BEuuShUIeQDTf3k4Wt6oIUOYxMmkZgDHdqtIcxWND4LRxi8nI9KuT4I1bXQv67BCapkxt7Ywqw==",
      "requires": {
        "@lezer/common": "^0.16.0"
      }
    },
    "@types/prismjs": {
      "version": "1.26.0",
      "resolved": "https://registry.npmjs.org/@types/prismjs/-/prismjs-1.26.0.tgz",
      "integrity": "sha512-ZTaqn/qSqUuAq1YwvOFQfVW1AR/oQJlLSZVustdjwI+GZ8kr0MSHBj0tsXPW1EqHubx50gtBEjbPGsdZwQwCjQ=="
    },
    "crelt": {
      "version": "1.0.5",
      "resolved": "https://registry.npmjs.org/crelt/-/crelt-1.0.5.tgz",
      "integrity": "sha512-+BO9wPPi+DWTDcNYhr/W90myha8ptzftZT+LwcmUbbok0rcP/fequmFYCw8NMoH7pkAZQzU78b3kYrlua5a9eA=="
    },
    "storymatic": {
      "version": "file:..",
      "requires": {
        "@ohm-js/cli": "^1.1.0",
        "@types/mocha": "^9.1.1",
        "@types/node": "^17.0.29",
        "@types/yargs": "^17.0.10",
        "fast-glob": "^3.2.11",
        "mocha": "^10.0.0",
        "ohm-js": "^16.3.3",
        "typescript": "^4.6.4",
        "yargs": "^17.4.1"
      }
    },
    "style-mod": {
      "version": "4.0.0",
      "resolved": "https://registry.npmjs.org/style-mod/-/style-mod-4.0.0.tgz",
      "integrity": "sha512-OPhtyEjyyN9x3nhPsu76f52yUGXiZcgvsrFVtvTkyGRQJ0XK+GPc6ov1z+lRpbeabka+MYEQxOYRnt5nF30aMw=="
    },
    "w3c-keyname": {
      "version": "2.2.4",
      "resolved": "https://registry.npmjs.org/w3c-keyname/-/w3c-keyname-2.2.4.tgz",
      "integrity": "sha512-tOhfEwEzFLJzf6d1ZPkYfGj+FWhIpBux9ppoP3rlclw3Z0BZv3N7b7030Z1kYth+6rDuAsXUFr+d0VE6Ed1ikw=="
    }
  }
}
